
Microsoft Visual Studio Solution File, Format Version 12.00
# Visual Studio Version 17
VisualStudioVersion = 17.5.33627.172
MinimumVisualStudioVersion = 10.0.40219.1
Project("{F184B08F-C81C-45F6-A57F-5ABD9991F28F}") = "Project3401", "Project3401.vbproj", "{F8CCCF69-7A7F-4488-842D-AE9C8CAC7A7E}"
EndProject
Global
	GlobalSection(SolutionConfigurationPlatforms) = preSolution
		Debug|Any CPU = Debug|Any CPU
		Release|Any CPU = Release|Any CPU
	EndGlobalSection
	GlobalSection(ProjectConfigurationPlatforms) = postSolution
		{F8CCCF69-7A7F-4488-842D-AE9C8CAC7A7E}.Debug|Any CPU.ActiveCfg = Debug|Any CPU
		{F8CCCF69-7A7F-4488-842D-AE9C8CAC7A7E}.Debug|Any CPU.Build.0 = Debug|Any CPU
		{F8CCCF69-7A7F-4488-842D-AE9C8CAC7A7E}.Release|Any CPU.ActiveCfg = Release|Any CPU
		{F8CCCF69-7A7F-4488-842D-AE9C8CAC7A7E}.Release|Any CPU.Build.0 = Release|Any CPU
	EndGlobalSection
	GlobalSection(SolutionProperties) = preSolution
		HideSolutionNode = FALSE
	EndGlobalSection
	GlobalSection(ExtensibilityGlobals) = postSolution
		SolutionGuid = {3DE5EE70-4B75-4BDA-A4DC-EA65B1FCA578}
	EndGlobalSection
EndGlobal
